<Project xmlns="http://schemas.microsoft.com/developer/msbuild/2003">
    <PropertyGroup>
        <ProjectGuid>{5ADC7F0D-C200-4521-AECF-866B5C345492}</ProjectGuid>
        <ProjectVersion>18.1</ProjectVersion>
        <MainSource>RK_Retaguarda.dpr</MainSource>
        <Base>True</Base>
        <Config Condition="'$(Config)'==''">Debug</Config>
        <Platform Condition="'$(Platform)'==''">Win32</Platform>
        <TargetedPlatforms>1</TargetedPlatforms>
        <AppType>Console</AppType>
        <FrameworkType>None</FrameworkType>
    </PropertyGroup>
    <PropertyGroup Condition="'$(Config)'=='Base' or '$(Base)'!=''">
        <Base>true</Base>
    </PropertyGroup>
    <PropertyGroup Condition="('$(Platform)'=='Win32' and '$(Base)'=='true') or '$(Base_Win32)'!=''">
        <Base_Win32>true</Base_Win32>
        <CfgParent>Base</CfgParent>
        <Base>true</Base>
    </PropertyGroup>
    <PropertyGroup Condition="'$(Config)'=='Debug' or '$(Cfg_1)'!=''">
        <Cfg_1>true</Cfg_1>
        <CfgParent>Base</CfgParent>
        <Base>true</Base>
    </PropertyGroup>
    <PropertyGroup Condition="('$(Platform)'=='Win32' and '$(Cfg_1)'=='true') or '$(Cfg_1_Win32)'!=''">
        <Cfg_1_Win32>true</Cfg_1_Win32>
        <CfgParent>Cfg_1</CfgParent>
        <Cfg_1>true</Cfg_1>
        <Base>true</Base>
    </PropertyGroup>
    <PropertyGroup Condition="'$(Config)'=='Release' or '$(Cfg_2)'!=''">
        <Cfg_2>true</Cfg_2>
        <CfgParent>Base</CfgParent>
        <Base>true</Base>
    </PropertyGroup>
    <PropertyGroup Condition="'$(Base)'!=''">
        <Icon_MainIcon>$(BDS)\bin\delphi_PROJECTICON.ico</Icon_MainIcon>
        <DCC_Namespace>System;Xml;Data;Datasnap;Web;Soap;$(DCC_Namespace)</DCC_Namespace>
        <SanitizedProjectName>RK_Retaguarda</SanitizedProjectName>
        <DCC_UnitSearchPath>$(DUnitX);$(DCC_UnitSearchPath)</DCC_UnitSearchPath>
        <Icns_MainIcns>$(BDS)\bin\delphi_PROJECTICNS.icns</Icns_MainIcns>
        <UsingDelphiRTL>true</UsingDelphiRTL>
        <DCC_DcuOutput>.\$(Platform)\$(Config)</DCC_DcuOutput>
        <DCC_ExeOutput>.\$(Platform)\$(Config)</DCC_ExeOutput>
        <DCC_E>false</DCC_E>
        <DCC_N>false</DCC_N>
        <DCC_S>false</DCC_S>
        <DCC_F>false</DCC_F>
        <DCC_K>false</DCC_K>
    </PropertyGroup>
    <PropertyGroup Condition="'$(Base_Win32)'!=''">
        <DCC_Namespace>Winapi;System.Win;Data.Win;Datasnap.Win;Web.Win;Soap.Win;Xml.Win;Bde;$(DCC_Namespace)</DCC_Namespace>
        <VerInfo_Locale>1033</VerInfo_Locale>
        <VerInfo_Keys>CompanyName=;FileDescription=;FileVersion=1.0.0.0;InternalName=;LegalCopyright=;LegalTrademarks=;OriginalFilename=;ProductName=;ProductVersion=1.0.0.0;Comments=</VerInfo_Keys>
        <DCC_UsePackage>DBXSqliteDriver;GridView_dsgn;DBXDb2Driver;vcl.gtxControlsD10;vclFireDAC;fmx.gtxControlsD10;tethering;cxDataRS23;dxPSdxOCLnkRS23;dxSkinLondonLiquidSkyRS23;dxSkinBlackRS23;ACBr_BPeDabpeESCPOS;JvPluginSystem;ACBr_BPe;FireDACMSSQLDriver;ACBr_NFeDanfeFR;VarejofacilSDKDXE7;Intraweb;dxPScxCommonRS23;Rave110VCL;dxSkinOffice2007BlueRS23;dxBarRS23;dxSkinOffice2013WhiteRS23;dxPSTeeChartRS23;cxPivotGridChartRS23;dxSkinSummer2008RS23;dxGDIPlusRS23;FireDACDBXDriver;dxSkinFoggyRS23;ACBr_NFSeDanfseFR;dxSkinOffice2010SilverRS23;ACBr_SATExtratoRL;ACBr_GTIN;RESTBackendComponents;dxPSPrVwRibbonRS23;dxSkinDevExpressStyleRS23;dxSkinWhiteprintRS23;CloudService;dxSkinOffice2013DarkGrayRS23;DataSnapClient;bindcompdbx;ACBr_TCP;pckUserControl_RT200;ACBr_PagFor;cxTreeListdxBarPopupMenuRS23;ACBre_Social;FireDACMSAccDriver;FireDACInfxDriver;vclimg;Vcl.gtxStdCtrlsD10;ACBr_SPEDImportar;dxSpreadSheetConditionalFormattingDialogsRS23;NxInspectorRun_d10;dxFlowChartRS23;DBXOdbcDriver;soaprtl;DbxCommonDriver;dxSpreadSheetRS23;ipstudiowinXE8;ACBr_CIOT;dxSkinOffice2007PinkRS23;soapmidas;rtl;dxSkinDevExpressDarkStyleRS23;DBXSybaseASADriver;dxSkinMetropolisDarkRS23;ResizeKitPKD23;dxRichEditControlRS23;appanalytics;dxRibbonRS23;dxSkinOffice2007SilverRS23;dxMapControlRS23;TeeUI;JvDocking;JvPascalInterpreter;VclSmp;dxPScxSchedulerLnkRS23;cxTreeListRS23;FireDACODBCDriver;JclVcl;NxCommonDsgn_d10;dxRibbonCustomizationFormRS23;dxBarExtDBItemsRS23;DataSnapProviderClient;dxSkiniMaginaryRS23;JvControls;JvPrintPreview;ACBr_NFSe;DataSnapServerMidas;RESTComponents;NxSheetRun_d10;JvGlobus;dxPSDBTeeChartRS23;dxSkinLiquidSkyRS23;dxdbtrRS23;dxSkinscxPCPainterRS23;NxCollectionDsgn_d10;DBXMSSQLDriver;JvMM;bindcompfmx;JvNet;dxSkinValentineRS23;JvAppFrm;dxPSdxMapControlLnkRS23;FireDACIBDriver;dxServerModeRS23;ACBr_CTeDacteFR;JvWizards;cxPageControlRS23;collection_dsgn;dbexpress;IndyCore;ZParseSql;vcl.gtxReportExportD10;JvPageComps;FireDACCommon;dxSkinOffice2010BlueRS23;dxSkinVS2010RS23;dxSkinMetropolisRS23;DataSnapConnectors;cxVerticalGridRS23;ACBR_DeSTDA;frxTee23;cxGridRS23;JvCmp;DBXMySQLDriver;ACBr_Sintegra;FireDACCommonDriver;ACBr_GNRE;ACBr_ADRCST;dbgridview_run;inet;JvCustom;dxDockingRS23;tmsxlsdXE9;dxSkinOffice2007GreenRS23;JvXPCtrls;XPAd;dxSkinsCoreRS23;NxDBGridDsgn_d10;dxSkinsdxRibbonPainterRS23;dxSkinMoneyTwinsRS23;dxtrmdRS23;FireDAC;dacvcl230;dxFireDACServerModeRS23;dxSkinBlueRS23;FireDACSqliteDriver;ibmonitor;NxGridDsgn_d10;FireDACASADriver;cxEditorsRS23;dxSkinGlassOceansRS23;ACBr_GNREGuiaRL;JvDlgs;JvRuntimeDesign;cxPivotGridOLAPRS23;DataSnapServer;vclwinx;CustomIPTransport;ACBr_PIXCD;FMX.dclgtxControlsD10;bindcomp;ZPlain;NxCollectionRun_d10;DBXInformixDriver;dxPSdxGaugeControlLnkRS23;officeXPrt;EurekaLogCore;dbxcds;vquery230;ACBr_NFCeECFVirtual;adortl;ACBr_BoletoFR;dxComnRS23;dsnapxml;ipstudiowinwordxpXE8;pckUniDacConn;cxExportRS23;ACBr_NF3eDANF3eESCPOS;dxSkinVisualStudio2013DarkRS23;dxCoreRS23;vclactnband;dxPSdxLCLnkRS23;frxe23;dxPSLnksRS23;dxTabbedMDIRS23;FireDACADSDriver;RaizeComponentsVclDb230;pckZeosConn;dxDBXServerModeRS23;dxHttpIndyRequestRS23;dxPScxGridLnkRS23;cxSchedulerRS23;NxGridRun_d10;vcltouch;JvBands;ACBr_NFe;vcldb;svn;JvJans;dxWizardControlRS23;dxSkinMcSkinRS23;vcl.gtxDBControlsD10;ACBr_NFeDanfeESCPOS;pkCindyCoreDXE8;cxSchedulerRibbonStyleEventEditorRS23;ACBr_OFX;JvDotNetCtrls;crcontrols230;cxLibraryRS23;dxSkinVisualStudio2013LightRS23;vclib;dxPSdxDBOCLnkRS23;ACBr_SATExtratoFR;dxSkinDarkSideRS23;dxSkinSevenRS23;vclx;dxdborRS23;dxLayoutControlRS23;ACBr_Reinf;VCLRESTComponents;pkCindyDERDXE8;vclie;bindengine;JvHMI;FireDACMySQLDriver;ACBr_PAF;ACBr_SATECFVirtual;NxCommonRun_d10;dxPScxPCProdRS23;ACBr_CTeDacteRL;DBXSybaseASEDriver;IndyIPServer;dxSkinPumpkinRS23;ACBr_CTe;IndySystem;gridother_run;dsnapcon;fmxFireDAC;dxSkinLilianRS23;Jcl;tmsexdXE9;ACBr_SPED;ACBr_MDFe;ACBr_BoletoRL;dxBarDBNavRS23;ACBr_LFD;dxSkinOffice2016ColorfulRS23;FireDACTDataDriver;FMXTee;unidac230;JvManagedThreads;ACBr_NFSeDanfseRL;dxPSdxSpreadSheetLnkRS23;xmlrtl;DataSnapNativeClient;JvTimeFramework;fmxobj;dxSkinHighContrastRS23;dxSkinSevenClassicRS23;dxSkinTheAsphaltWorldRS23;DbxClientDriver;dxNavBarRS23;JvSystem;JvStdCtrls;dxOfficeCoreRS23;ACBr_Convenio115;cxPivotGridRS23;dxSkinsdxDLPainterRS23;IndyIPClient;dxPScxVGridLnkRS23;bindcompvcl;frxDB23;dxPScxTLLnkRS23;pkCindyDBCtrlsPackDXE8;vcldbx;ACBr_NFSeXDANFSeFR;DataSnapIndy10ServerTransport;acntDX10_R;dxPSRichEditControlLnkRS23;MLFLIB_D2010;ACBr_Boleto;NxInspectorDsgn_d10;ACBr_SEF2;FireDACMongoDBDriver;dxSpreadSheetReportDesignerRS23;frx23;dxSpellCheckerRS23;dxSkinsdxBarPainterRS23;ACBr_MDFeDamdfeFR;dxSkinCoffeeRS23;ZComponent;DBXInterBaseDriver;ACBr_NF3e;ZCore;dxADOServerModeRS23;ACBr_TEFD;emsclientfiredac;ACBr_SATWS;DataSnapFireDAC;svnui;dxmdsRS23;pckUCDataConnector_D200;dxSkinSpringTimeRS23;dxPSCoreRS23;gridview_run;dxSkinXmas2008BlueRS23;ACBr_MDFeDamdfeRL;DatasnapConnectorsFreePascal;ACBr_EDI;ACBr_ONE;DBXOracleDriver;dxSkinSilverRS23;FlatStyle_XE7;inetdb;dac230;ACBr_Diversos;pkCindyPackDXE8;FmxTeeUI;dxBarExtItemsRS23;ACBr_LCDPR;fmx;fmxdae;ACBr_GNREGuiaFR;dxPsPrVwAdvRS23;dxSkinOffice2010BlackRS23;collection_run;cxSchedulerGridRS23;dxSkinStardustRS23;ACBr_Ponto;dxSkinSharpPlusRS23;dsnap;DataSnapCommon;emsclient;JvDB;bdertl;ACBr_NFSeX;QImport3RT_D23;soapserver;ACBr_SAT;dxSkinCaramelRS23;dxTileControlRS23;JclDeveloperTools;FireDACOracleDriver;DBXFirebirdDriver;unidacfmx230;IndyIPCommon;dxSkinDarkRoomRS23;vcl;ACBr_NFeDanfeRL;dxPScxExtCommonRS23;ACBr_SATExtratoESCPOS;FireDACDb2Driver;dxThemeRS23;ACBr_Integrador;tmswizdXE9;dxSkinVisualStudio2013BlueRS23;dacfmx230;dxPSdxFCLnkRS23;ZDbc;TeeDB;cxSchedulerTreeBrowserRS23;JvCore;ACBr_Comum;JvCrypt;RaizeComponentsVcl230;FireDACPgDriver;dxSkinsdxNavBarPainterRS23;dxGaugeControlRS23;ibxpress;Tee;dxSkinSharpRS23;ibxbindings;dxPSdxPDFViewerLnkRS23;FireDACDSDriver;ACBr_OpenSSL;dxSkinBlueprintRS23;dxSkinOffice2007BlackRS23;vcldsnap;dxSkinOffice2013LightGrayRS23;ACBr_Serial;frce;unidacvcl230;dxPScxPivotGridLnkRS23;dxorgcRS23;ACBr_BlocoX;dxPSdxDBTVLnkRS23;ACBr_NFSeXDanfseRL;NxDBGridRun_d10;vclribbon;common_run;dxPDFViewerRS23;ipstudiowinclientXE8;ACBr_ANe;dbrtl;IndyProtocols;inetdbxpress;dxSkinOffice2016DarkRS23;JclContainers;ACBr_MTER;dxSkinscxSchedulerPainterRS23;tmsdXE9;fmxase;$(DCC_UsePackage)</DCC_UsePackage>
    </PropertyGroup>
    <PropertyGroup Condition="'$(Cfg_1)'!=''">
        <DCC_Define>DEBUG;$(DCC_Define)</DCC_Define>
        <DCC_DebugDCUs>true</DCC_DebugDCUs>
        <DCC_Optimize>false</DCC_Optimize>
        <DCC_GenerateStackFrames>true</DCC_GenerateStackFrames>
        <DCC_DebugInfoInExe>true</DCC_DebugInfoInExe>
        <DCC_RemoteDebug>true</DCC_RemoteDebug>
    </PropertyGroup>
    <PropertyGroup Condition="'$(Cfg_1_Win32)'!=''">
        <VerInfo_Locale>1033</VerInfo_Locale>
        <Manifest_File>None</Manifest_File>
        <DCC_UnitSearchPath>..\;E:\Projetos\RK_Retaguarda_novo\;E:\Projetos\RK_Retaguarda_novo\Forms;E:\Projetos\RK_Retaguarda_novo\Classes;E:\Projetos\RK_Retaguarda_novo\Controller;E:\Projetos\RK_Retaguarda_novo\DAO;E:\Projetos\RK_Retaguarda_novo\DAO_Caixa;E:\Projetos\RK_Retaguarda_novo\Forms\Loc;E:\Projetos\RK_Retaguarda_novo\Forms\Rel;$(DCC_UnitSearchPath)</DCC_UnitSearchPath>
        <DCC_RemoteDebug>false</DCC_RemoteDebug>
    </PropertyGroup>
    <PropertyGroup Condition="'$(Cfg_2)'!=''">
        <DCC_LocalDebugSymbols>false</DCC_LocalDebugSymbols>
        <DCC_Define>RELEASE;$(DCC_Define)</DCC_Define>
        <DCC_SymbolReferenceInfo>0</DCC_SymbolReferenceInfo>
        <DCC_DebugInformation>0</DCC_DebugInformation>
    </PropertyGroup>
    <ItemGroup>
        <DelphiCompile Include="$(MainSource)">
            <MainSource>MainSource</MainSource>
        </DelphiCompile>
        <DCCReference Include="Testes\uGrupoTeste.pas"/>
        <DCCReference Include="Testes\uValidadeTeste.pas"/>
        <BuildConfiguration Include="Release">
            <Key>Cfg_2</Key>
            <CfgParent>Base</CfgParent>
        </BuildConfiguration>
        <BuildConfiguration Include="Base">
            <Key>Base</Key>
        </BuildConfiguration>
        <BuildConfiguration Include="Debug">
            <Key>Cfg_1</Key>
            <CfgParent>Base</CfgParent>
        </BuildConfiguration>
    </ItemGroup>
    <ProjectExtensions>
        <Borland.Personality>Delphi.Personality.12</Borland.Personality>
        <Borland.ProjectType>Console</Borland.ProjectType>
        <BorlandProject>
            <Delphi.Personality>
                <Source>
                    <Source Name="MainSource">RK_Retaguarda.dpr</Source>
                </Source>
                <Excluded_Packages>
                    <Excluded_Packages Name="C:\Users\Public\Documents\Embarcadero\Studio\17.0\Bpl\BuildRT.bpl">File C:\Users\Public\Documents\Embarcadero\Studio\17.0\Bpl\BuildRT.bpl not found</Excluded_Packages>
                    <Excluded_Packages Name="C:\Users\Public\Documents\Embarcadero\Studio\17.0\Bpl\pckUserControl_DT18.bpl">User Control Package 2</Excluded_Packages>
                    <Excluded_Packages Name="$(BDSBIN)\dcloffice2k230.bpl">Microsoft Office 2000 Sample Automation Server Wrapper Components</Excluded_Packages>
                </Excluded_Packages>
            </Delphi.Personality>
            <Deployment Version="2">
                <DeployFile LocalName="$(BDS)\Redist\osx32\libcgunwind.1.0.dylib" Class="DependencyModule">
                    <Platform Name="OSX32">
                        <Overwrite>true</Overwrite>
                    </Platform>
                </DeployFile>
                <DeployFile LocalName="$(BDS)\Redist\iossimulator\libcgunwind.1.0.dylib" Class="DependencyModule">
                    <Platform Name="iOSSimulator">
                        <Overwrite>true</Overwrite>
                    </Platform>
                </DeployFile>
                <DeployFile LocalName="$(BDS)\Redist\iossimulator\libPCRE.dylib" Class="DependencyModule">
                    <Platform Name="iOSSimulator">
                        <Overwrite>true</Overwrite>
                    </Platform>
                </DeployFile>
                <DeployFile LocalName="Win32\Debug\RK_Retaguarda.exe" Configuration="Debug" Class="ProjectOutput">
                    <Platform Name="Win32">
                        <RemoteName>RK_Retaguarda.exe</RemoteName>
                        <Overwrite>true</Overwrite>
                    </Platform>
                </DeployFile>
                <DeployClass Name="ProjectiOSDeviceResourceRules"/>
                <DeployClass Name="ProjectOSXResource">
                    <Platform Name="OSX32">
                        <RemoteDir>Contents\Resources</RemoteDir>
                        <Operation>1</Operation>
                    </Platform>
                </DeployClass>
                <DeployClass Name="AndroidClassesDexFile">
                    <Platform Name="Android">
                        <RemoteDir>classes</RemoteDir>
                        <Operation>1</Operation>
                    </Platform>
                </DeployClass>
                <DeployClass Name="AdditionalDebugSymbols">
                    <Platform Name="Win32">
                        <RemoteDir>Contents\MacOS</RemoteDir>
                        <Operation>0</Operation>
                    </Platform>
                    <Platform Name="OSX32">
                        <Operation>1</Operation>
                    </Platform>
                </DeployClass>
                <DeployClass Name="iPad_Launch768">
                    <Platform Name="iOSSimulator">
                        <Operation>1</Operation>
                    </Platform>
                    <Platform Name="iOSDevice64">
                        <Operation>1</Operation>
                    </Platform>
                    <Platform Name="iOSDevice32">
                        <Operation>1</Operation>
                    </Platform>
                </DeployClass>
                <DeployClass Name="Android_LauncherIcon144">
                    <Platform Name="Android">
                        <RemoteDir>res\drawable-xxhdpi</RemoteDir>
                        <Operation>1</Operation>
                    </Platform>
                </DeployClass>
                <DeployClass Name="AndroidLibnativeMipsFile">
                    <Platform Name="Android">
                        <RemoteDir>library\lib\mips</RemoteDir>
                        <Operation>1</Operation>
                    </Platform>
                </DeployClass>
                <DeployClass Required="true" Name="ProjectOutput">
                    <Platform Name="Win32">
                        <Operation>0</Operation>
                    </Platform>
                    <Platform Name="iOSDevice64">
                        <Operation>1</Operation>
                    </Platform>
                    <Platform Name="OSX32">
                        <Operation>1</Operation>
                    </Platform>
                    <Platform Name="iOSDevice32">
                        <Operation>1</Operation>
                    </Platform>
                    <Platform Name="Android">
                        <RemoteDir>library\lib\armeabi-v7a</RemoteDir>
                        <Operation>1</Operation>
                    </Platform>
                    <Platform Name="iOSSimulator">
                        <Operation>1</Operation>
                    </Platform>
                </DeployClass>
                <DeployClass Name="DependencyFramework">
                    <Platform Name="Win32">
                        <Operation>0</Operation>
                    </Platform>
                    <Platform Name="OSX32">
                        <Operation>1</Operation>
                        <Extensions>.framework</Extensions>
                    </Platform>
                </DeployClass>
                <DeployClass Name="iPhone_Launch640">
                    <Platform Name="iOSSimulator">
                        <Operation>1</Operation>
                    </Platform>
                    <Platform Name="iOSDevice64">
                        <Operation>1</Operation>
                    </Platform>
                    <Platform Name="iOSDevice32">
                        <Operation>1</Operation>
                    </Platform>
                </DeployClass>
                <DeployClass Name="iPad_Launch1024">
                    <Platform Name="iOSSimulator">
                        <Operation>1</Operation>
                    </Platform>
                    <Platform Name="iOSDevice64">
                        <Operation>1</Operation>
                    </Platform>
                    <Platform Name="iOSDevice32">
                        <Operation>1</Operation>
                    </Platform>
                </DeployClass>
                <DeployClass Name="ProjectiOSDeviceDebug">
                    <Platform Name="iOSDevice64">
                        <RemoteDir>..\$(PROJECTNAME).app.dSYM\Contents\Resources\DWARF</RemoteDir>
                        <Operation>1</Operation>
                    </Platform>
                    <Platform Name="iOSDevice32">
                        <RemoteDir>..\$(PROJECTNAME).app.dSYM\Contents\Resources\DWARF</RemoteDir>
                        <Operation>1</Operation>
                    </Platform>
                </DeployClass>
                <DeployClass Name="AndroidLibnativeX86File">
                    <Platform Name="Android">
                        <RemoteDir>library\lib\x86</RemoteDir>
                        <Operation>1</Operation>
                    </Platform>
                </DeployClass>
                <DeployClass Name="iPhone_Launch320">
                    <Platform Name="iOSSimulator">
                        <Operation>1</Operation>
                    </Platform>
                    <Platform Name="iOSDevice64">
                        <Operation>1</Operation>
                    </Platform>
                    <Platform Name="iOSDevice32">
                        <Operation>1</Operation>
                    </Platform>
                </DeployClass>
                <DeployClass Name="ProjectiOSInfoPList"/>
                <DeployClass Name="AndroidLibnativeArmeabiFile">
                    <Platform Name="Android">
                        <RemoteDir>library\lib\armeabi</RemoteDir>
                        <Operation>1</Operation>
                    </Platform>
                </DeployClass>
                <DeployClass Name="DebugSymbols">
                    <Platform Name="Win32">
                        <Operation>0</Operation>
                    </Platform>
                    <Platform Name="iOSSimulator">
                        <Operation>1</Operation>
                    </Platform>
                    <Platform Name="OSX32">
                        <Operation>1</Operation>
                    </Platform>
                </DeployClass>
                <DeployClass Name="iPad_Launch1536">
                    <Platform Name="iOSSimulator">
                        <Operation>1</Operation>
                    </Platform>
                    <Platform Name="iOSDevice64">
                        <Operation>1</Operation>
                    </Platform>
                    <Platform Name="iOSDevice32">
                        <Operation>1</Operation>
                    </Platform>
                </DeployClass>
                <DeployClass Name="Android_SplashImage470">
                    <Platform Name="Android">
                        <RemoteDir>res\drawable-normal</RemoteDir>
                        <Operation>1</Operation>
                    </Platform>
                </DeployClass>
                <DeployClass Name="Android_LauncherIcon96">
                    <Platform Name="Android">
                        <RemoteDir>res\drawable-xhdpi</RemoteDir>
                        <Operation>1</Operation>
                    </Platform>
                </DeployClass>
                <DeployClass Name="Android_SplashImage640">
                    <Platform Name="Android">
                        <RemoteDir>res\drawable-large</RemoteDir>
                        <Operation>1</Operation>
                    </Platform>
                </DeployClass>
                <DeployClass Name="iPhone_Launch640x1136">
                    <Platform Name="iOSSimulator">
                        <Operation>1</Operation>
                    </Platform>
                    <Platform Name="iOSDevice64">
                        <Operation>1</Operation>
                    </Platform>
                    <Platform Name="iOSDevice32">
                        <Operation>1</Operation>
                    </Platform>
                </DeployClass>
                <DeployClass Name="ProjectiOSEntitlements"/>
                <DeployClass Name="Android_LauncherIcon72">
                    <Platform Name="Android">
                        <RemoteDir>res\drawable-hdpi</RemoteDir>
                        <Operation>1</Operation>
                    </Platform>
                </DeployClass>
                <DeployClass Name="AndroidGDBServer">
                    <Platform Name="Android">
                        <RemoteDir>library\lib\armeabi-v7a</RemoteDir>
                        <Operation>1</Operation>
                    </Platform>
                </DeployClass>
                <DeployClass Name="ProjectOSXInfoPList"/>
                <DeployClass Name="ProjectOSXEntitlements"/>
                <DeployClass Name="iPad_Launch2048">
                    <Platform Name="iOSSimulator">
                        <Operation>1</Operation>
                    </Platform>
                    <Platform Name="iOSDevice64">
                        <Operation>1</Operation>
                    </Platform>
                    <Platform Name="iOSDevice32">
                        <Operation>1</Operation>
                    </Platform>
                </DeployClass>
                <DeployClass Name="AndroidSplashStyles">
                    <Platform Name="Android">
                        <RemoteDir>res\values</RemoteDir>
                        <Operation>1</Operation>
                    </Platform>
                </DeployClass>
                <DeployClass Name="Android_SplashImage426">
                    <Platform Name="Android">
                        <RemoteDir>res\drawable-small</RemoteDir>
                        <Operation>1</Operation>
                    </Platform>
                </DeployClass>
                <DeployClass Name="AndroidSplashImageDef">
                    <Platform Name="Android">
                        <RemoteDir>res\drawable</RemoteDir>
                        <Operation>1</Operation>
                    </Platform>
                </DeployClass>
                <DeployClass Name="ProjectiOSResource">
                    <Platform Name="iOSSimulator">
                        <Operation>1</Operation>
                    </Platform>
                    <Platform Name="iOSDevice64">
                        <Operation>1</Operation>
                    </Platform>
                    <Platform Name="iOSDevice32">
                        <Operation>1</Operation>
                    </Platform>
                </DeployClass>
                <DeployClass Name="ProjectAndroidManifest">
                    <Platform Name="Android">
                        <Operation>1</Operation>
                    </Platform>
                </DeployClass>
                <DeployClass Name="Android_DefaultAppIcon">
                    <Platform Name="Android">
                        <RemoteDir>res\drawable</RemoteDir>
                        <Operation>1</Operation>
                    </Platform>
                </DeployClass>
                <DeployClass Name="File">
                    <Platform Name="Win32">
                        <Operation>0</Operation>
                    </Platform>
                    <Platform Name="iOSDevice64">
                        <Operation>0</Operation>
                    </Platform>
                    <Platform Name="OSX32">
                        <Operation>0</Operation>
                    </Platform>
                    <Platform Name="iOSDevice32">
                        <Operation>0</Operation>
                    </Platform>
                    <Platform Name="Android">
                        <Operation>0</Operation>
                    </Platform>
                    <Platform Name="iOSSimulator">
                        <Operation>0</Operation>
                    </Platform>
                </DeployClass>
                <DeployClass Name="AndroidServiceOutput">
                    <Platform Name="Android">
                        <RemoteDir>library\lib\armeabi-v7a</RemoteDir>
                        <Operation>1</Operation>
                    </Platform>
                </DeployClass>
                <DeployClass Required="true" Name="DependencyPackage">
                    <Platform Name="Win32">
                        <Operation>0</Operation>
                        <Extensions>.bpl</Extensions>
                    </Platform>
                    <Platform Name="iOSDevice64">
                        <Operation>1</Operation>
                        <Extensions>.dylib</Extensions>
                    </Platform>
                    <Platform Name="OSX32">
                        <Operation>1</Operation>
                        <Extensions>.dylib</Extensions>
                    </Platform>
                    <Platform Name="iOSDevice32">
                        <Operation>1</Operation>
                        <Extensions>.dylib</Extensions>
                    </Platform>
                    <Platform Name="iOSSimulator">
                        <Operation>1</Operation>
                        <Extensions>.dylib</Extensions>
                    </Platform>
                </DeployClass>
                <DeployClass Name="Android_LauncherIcon48">
                    <Platform Name="Android">
                        <RemoteDir>res\drawable-mdpi</RemoteDir>
                        <Operation>1</Operation>
                    </Platform>
                </DeployClass>
                <DeployClass Name="Android_SplashImage960">
                    <Platform Name="Android">
                        <RemoteDir>res\drawable-xlarge</RemoteDir>
                        <Operation>1</Operation>
                    </Platform>
                </DeployClass>
                <DeployClass Name="Android_LauncherIcon36">
                    <Platform Name="Android">
                        <RemoteDir>res\drawable-ldpi</RemoteDir>
                        <Operation>1</Operation>
                    </Platform>
                </DeployClass>
                <DeployClass Name="DependencyModule">
                    <Platform Name="Win32">
                        <Operation>0</Operation>
                        <Extensions>.dll;.bpl</Extensions>
                    </Platform>
                    <Platform Name="OSX32">
                        <Operation>1</Operation>
                        <Extensions>.dylib</Extensions>
                    </Platform>
                </DeployClass>
                <ProjectRoot Platform="iOSDevice64" Name="$(PROJECTNAME).app"/>
                <ProjectRoot Platform="Win64" Name="$(PROJECTNAME)"/>
                <ProjectRoot Platform="iOSDevice32" Name="$(PROJECTNAME).app"/>
                <ProjectRoot Platform="Win32" Name="$(PROJECTNAME)"/>
                <ProjectRoot Platform="OSX32" Name="$(PROJECTNAME)"/>
                <ProjectRoot Platform="Android" Name="$(PROJECTNAME)"/>
                <ProjectRoot Platform="iOSSimulator" Name="$(PROJECTNAME).app"/>
            </Deployment>
            <Platforms>
                <Platform value="Win32">True</Platform>
            </Platforms>
        </BorlandProject>
        <ProjectFileVersion>12</ProjectFileVersion>
    </ProjectExtensions>
    <Import Project="$(BDS)\Bin\CodeGear.Delphi.Targets" Condition="Exists('$(BDS)\Bin\CodeGear.Delphi.Targets')"/>
    <Import Project="$(APPDATA)\Embarcadero\$(BDSAPPDATABASEDIR)\$(PRODUCTVERSION)\UserTools.proj" Condition="Exists('$(APPDATA)\Embarcadero\$(BDSAPPDATABASEDIR)\$(PRODUCTVERSION)\UserTools.proj')"/>
    <Import Project="$(MSBuildProjectName).deployproj" Condition="Exists('$(MSBuildProjectName).deployproj')"/>
</Project>

<!-- EurekaLog First Line
[Exception Log]
EurekaLog Version=7007
Activate=0
DeleteMapAfterCompile=0
Encrypt Password=""
EurekaLog Last Line -->
